
Microsoft Visual Studio Solution File, Format Version 12.00
# Visual Studio Version 16
VisualStudioVersion = 16.0.30011.22
MinimumVisualStudioVersion = 10.0.40219.1
Project("{FAE04EC0-301F-11D3-BF4B-00C04F79EFBC}") = "TodoApi", "TodoApi\TodoApi.csproj", "{CEAEF91D-CC09-4BF4-8DEA-3D67ACD7F326}"
EndProject
Global
	GlobalSection(SolutionConfigurationPlatforms) = preSolution
		Debug|Any CPU = Debug|Any CPU
		Release|Any CPU = Release|Any CPU
	EndGlobalSection
	GlobalSection(ProjectConfigurationPlatforms) = postSolution
		{CEAEF91D-CC09-4BF4-8DEA-3D67ACD7F326}.Debug|Any CPU.ActiveCfg = Debug|Any CPU
		{CEAEF91D-CC09-4BF4-8DEA-3D67ACD7F326}.Debug|Any CPU.Build.0 = Debug|Any CPU
		{CEAEF91D-CC09-4BF4-8DEA-3D67ACD7F326}.Release|Any CPU.ActiveCfg = Release|Any CPU
		{CEAEF91D-CC09-4BF4-8DEA-3D67ACD7F326}.Release|Any CPU.Build.0 = Release|Any CPU
	EndGlobalSection
	GlobalSection(SolutionProperties) = preSolution
		HideSolutionNode = FALSE
	EndGlobalSection
	GlobalSection(ExtensibilityGlobals) = postSolution
		SolutionGuid = {27B3952E-40B7-4C53-AFFC-3D2273B5E450}
	EndGlobalSection
EndGlobal
